
Microsoft Visual Studio Solution File, Format Version 12.00
# Visual Studio Version 16
VisualStudioVersion = 16.0.31624.102
MinimumVisualStudioVersion = 10.0.40219.1
Project("{FAE04EC0-301F-11D3-BF4B-00C04F79EFBC}") = "demoapp", "demoapp\demoapp.csproj", "{14841570-9198-4AF1-90A0-1E2EAB07E3EB}"
EndProject
Global
	GlobalSection(SolutionConfigurationPlatforms) = preSolution
		Debug|Any CPU = Debug|Any CPU
		Release|Any CPU = Release|Any CPU
	EndGlobalSection
	GlobalSection(ProjectConfigurationPlatforms) = postSolution
		{14841570-9198-4AF1-90A0-1E2EAB07E3EB}.Debug|Any CPU.ActiveCfg = Debug|Any CPU
		{14841570-9198-4AF1-90A0-1E2EAB07E3EB}.Debug|Any CPU.Build.0 = Debug|Any CPU
		{14841570-9198-4AF1-90A0-1E2EAB07E3EB}.Release|Any CPU.ActiveCfg = Release|Any CPU
		{14841570-9198-4AF1-90A0-1E2EAB07E3EB}.Release|Any CPU.Build.0 = Release|Any CPU
	EndGlobalSection
	GlobalSection(SolutionProperties) = preSolution
		HideSolutionNode = FALSE
	EndGlobalSection
	GlobalSection(ExtensibilityGlobals) = postSolution
		SolutionGuid = {D6A11754-0B4F-411D-8E75-FAE71DB935D1}
	EndGlobalSection
EndGlobal
